
Microsoft Visual Studio Solution File, Format Version 12.00
# Visual Studio 2012
Project("{2150E333-8FDC-42A3-9474-1A3956D46DE8}") = "libraries", "libraries", "{3A2C45D8-8E06-4C4D-9946-23448EADC0C3}"
	ProjectSection(SolutionItems) = preProject
		kinetic-v5.1.0.js = kinetic-v5.1.0.js
	EndProjectSection
EndProject
Project("{2150E333-8FDC-42A3-9474-1A3956D46DE8}") = "html-page", "html-page", "{8C48A809-6DDC-4FB6-B157-02AE511108A9}"
	ProjectSection(SolutionItems) = preProject
		2048.html = 2048.html
	EndProjectSection
EndProject
Project("{2150E333-8FDC-42A3-9474-1A3956D46DE8}") = "scripts", "scripts", "{DB7E8732-457A-413A-891F-7AE6B43D6FA9}"
	ProjectSection(SolutionItems) = preProject
		main.js = main.js
	EndProjectSection
EndProject
Project("{2150E333-8FDC-42A3-9474-1A3956D46DE8}") = "styles", "styles", "{E65D90A3-387A-42A6-A3B7-B03A25FE148C}"
	ProjectSection(SolutionItems) = preProject
		styles.css = styles.css
	EndProjectSection
EndProject
Project("{2150E333-8FDC-42A3-9474-1A3956D46DE8}") = "Solution Items", "Solution Items", "{2872B95C-7817-407E-8716-99BD83FD0A26}"
	ProjectSection(SolutionItems) = preProject
		TODO.txt = TODO.txt
		..\..\..\..\..\Users\Dracula\Desktop\New folder\winner.jpg = ..\..\..\..\..\Users\Dracula\Desktop\New folder\winner.jpg
	EndProjectSection
EndProject
Global
	GlobalSection(SolutionProperties) = preSolution
		HideSolutionNode = FALSE
	EndGlobalSection
EndGlobal
